
Microsoft Visual Studio Solution File, Format Version 12.00
# Visual Studio 15
VisualStudioVersion = 15.0.28307.421
MinimumVisualStudioVersion = 10.0.40219.1
Project("{9A19103F-16F7-4668-BE54-9A1E7A4F7556}") = "HTTPv3.Quic.Core", "HTTPv3.Quic.Core\HTTPv3.Quic.Core.csproj", "{18C0CAE6-E989-42AF-AB58-68D4FCA549BB}"
EndProject
Project("{9A19103F-16F7-4668-BE54-9A1E7A4F7556}") = "TestRunner", "TestRunner\TestRunner.csproj", "{0AC3565F-6C16-4118-A92F-F973CE21A6CD}"
EndProject
Project("{FAE04EC0-301F-11D3-BF4B-00C04F79EFBC}") = "HTTPv3.Quic.Core.Tests", "HTTPv3.Quic.Core.Tests\HTTPv3.Quic.Core.Tests.csproj", "{1D797961-6C7E-4F43-89F9-B7FDF952D9EB}"
EndProject
Global
	GlobalSection(SolutionConfigurationPlatforms) = preSolution
		Debug|Any CPU = Debug|Any CPU
		Release|Any CPU = Release|Any CPU
	EndGlobalSection
	GlobalSection(ProjectConfigurationPlatforms) = postSolution
		{18C0CAE6-E989-42AF-AB58-68D4FCA549BB}.Debug|Any CPU.ActiveCfg = Debug|Any CPU
		{18C0CAE6-E989-42AF-AB58-68D4FCA549BB}.Debug|Any CPU.Build.0 = Debug|Any CPU
		{18C0CAE6-E989-42AF-AB58-68D4FCA549BB}.Release|Any CPU.ActiveCfg = Release|Any CPU
		{18C0CAE6-E989-42AF-AB58-68D4FCA549BB}.Release|Any CPU.Build.0 = Release|Any CPU
		{0AC3565F-6C16-4118-A92F-F973CE21A6CD}.Debug|Any CPU.ActiveCfg = Debug|Any CPU
		{0AC3565F-6C16-4118-A92F-F973CE21A6CD}.Debug|Any CPU.Build.0 = Debug|Any CPU
		{0AC3565F-6C16-4118-A92F-F973CE21A6CD}.Release|Any CPU.ActiveCfg = Release|Any CPU
		{0AC3565F-6C16-4118-A92F-F973CE21A6CD}.Release|Any CPU.Build.0 = Release|Any CPU
		{1D797961-6C7E-4F43-89F9-B7FDF952D9EB}.Debug|Any CPU.ActiveCfg = Debug|Any CPU
		{1D797961-6C7E-4F43-89F9-B7FDF952D9EB}.Debug|Any CPU.Build.0 = Debug|Any CPU
		{1D797961-6C7E-4F43-89F9-B7FDF952D9EB}.Release|Any CPU.ActiveCfg = Release|Any CPU
		{1D797961-6C7E-4F43-89F9-B7FDF952D9EB}.Release|Any CPU.Build.0 = Release|Any CPU
	EndGlobalSection
	GlobalSection(SolutionProperties) = preSolution
		HideSolutionNode = FALSE
	EndGlobalSection
	GlobalSection(ExtensibilityGlobals) = postSolution
		SolutionGuid = {4AB33E6C-F4BA-47B0-9536-DD8331C61197}
	EndGlobalSection
EndGlobal
